// !$*UTF8*$!
{
	archiveVersion = 1;
	classes = {
	};
	objectVersion = 46;
	objects = {

/* Begin PBXBuildFile section */
		8E34322E1E84557C004DB74B /* RecordCell.swift in Sources */ = {isa = PBXBuildFile; fileRef = 8E9470E81E8177D20073161A /* RecordCell.swift */; };
		8E3E19111E4989D000A0FD37 /* AppDelegate.swift in Sources */ = {isa = PBXBuildFile; fileRef = 8E3E19101E4989D000A0FD37 /* AppDelegate.swift */; };
		8E3E19131E4989D000A0FD37 /* ViewController.swift in Sources */ = {isa = PBXBuildFile; fileRef = 8E3E19121E4989D000A0FD37 /* ViewController.swift */; };
		8E3E19161E4989D000A0FD37 /* Main.storyboard in Resources */ = {isa = PBXBuildFile; fileRef = 8E3E19141E4989D000A0FD37 /* Main.storyboard */; };
		8E3E19191E4989D100A0FD37 /* Counter.xcdatamodeld in Sources */ = {isa = PBXBuildFile; fileRef = 8E3E19171E4989D000A0FD37 /* Counter.xcdatamodeld */; };
		8E3E191B1E4989D100A0FD37 /* Assets.xcassets in Resources */ = {isa = PBXBuildFile; fileRef = 8E3E191A1E4989D100A0FD37 /* Assets.xcassets */; };
		8E3E191E1E4989D100A0FD37 /* LaunchScreen.storyboard in Resources */ = {isa = PBXBuildFile; fileRef = 8E3E191C1E4989D100A0FD37 /* LaunchScreen.storyboard */; };
		8E5B4DE51E93382E00D7317A /* MessageUI.framework in Frameworks */ = {isa = PBXBuildFile; fileRef = 8E5B4DE41E93382E00D7317A /* MessageUI.framework */; };
		8EA33E731E57AB0800AF328F /* CountsListVC.swift in Sources */ = {isa = PBXBuildFile; fileRef = 8EA33E721E57AB0800AF328F /* CountsListVC.swift */; };
		8EDC74621E76E57D00243068 /* SessionRecord.swift in Sources */ = {isa = PBXBuildFile; fileRef = 8EDC74611E76E57D00243068 /* SessionRecord.swift */; };
		8EF3A5361E89CA44003C2318 /* DataStore.swift in Sources */ = {isa = PBXBuildFile; fileRef = 8EF3A5351E89CA44003C2318 /* DataStore.swift */; };
		DCB429111CABBCB37EA6C6EF /* Pods_Counter.framework in Frameworks */ = {isa = PBXBuildFile; fileRef = 104A81B765706CC480B5211D /* Pods_Counter.framework */; };
/* End PBXBuildFile section */

/* Begin PBXFileReference section */
		104A81B765706CC480B5211D /* Pods_Counter.framework */ = {isa = PBXFileReference; explicitFileType = wrapper.framework; includeInIndex = 0; path = Pods_Counter.framework; sourceTree = BUILT_PRODUCTS_DIR; };
		6C8D2499E1CEFE94A8D78CAC /* Pods-Counter.release.xcconfig */ = {isa = PBXFileReference; includeInIndex = 1; lastKnownFileType = text.xcconfig; name = "Pods-Counter.release.xcconfig"; path = "Pods/Target Support Files/Pods-Counter/Pods-Counter.release.xcconfig"; sourceTree = "<group>"; };
		7431EC232676E4B0A1BA312B /* Pods-Counter.debug.xcconfig */ = {isa = PBXFileReference; includeInIndex = 1; lastKnownFileType = text.xcconfig; name = "Pods-Counter.debug.xcconfig"; path = "Pods/Target Support Files/Pods-Counter/Pods-Counter.debug.xcconfig"; sourceTree = "<group>"; };
		8E3E190D1E4989D000A0FD37 /* Counter.app */ = {isa = PBXFileReference; explicitFileType = wrapper.application; includeInIndex = 0; path = Counter.app; sourceTree = BUILT_PRODUCTS_DIR; };
		8E3E19101E4989D000A0FD37 /* AppDelegate.swift */ = {isa = PBXFileReference; lastKnownFileType = sourcecode.swift; path = AppDelegate.swift; sourceTree = "<group>"; };
		8E3E19121E4989D000A0FD37 /* ViewController.swift */ = {isa = PBXFileReference; lastKnownFileType = sourcecode.swift; path = ViewController.swift; sourceTree = "<group>"; };
		8E3E19151E4989D000A0FD37 /* Base */ = {isa = PBXFileReference; lastKnownFileType = file.storyboard; name = Base; path = Base.lproj/Main.storyboard; sourceTree = "<group>"; };
		8E3E19181E4989D000A0FD37 /* Counter.xcdatamodel */ = {isa = PBXFileReference; lastKnownFileType = wrapper.xcdatamodel; path = Counter.xcdatamodel; sourceTree = "<group>"; };
		8E3E191A1E4989D100A0FD37 /* Assets.xcassets */ = {isa = PBXFileReference; lastKnownFileType = folder.assetcatalog; path = Assets.xcassets; sourceTree = "<group>"; };
		8E3E191D1E4989D100A0FD37 /* Base */ = {isa = PBXFileReference; lastKnownFileType = file.storyboard; name = Base; path = Base.lproj/LaunchScreen.storyboard; sourceTree = "<group>"; };
		8E3E191F1E4989D100A0FD37 /* Info.plist */ = {isa = PBXFileReference; lastKnownFileType = text.plist.xml; path = Info.plist; sourceTree = "<group>"; };
		8E5B4DE41E93382E00D7317A /* MessageUI.framework */ = {isa = PBXFileReference; lastKnownFileType = wrapper.framework; name = MessageUI.framework; path = System/Library/Frameworks/MessageUI.framework; sourceTree = SDKROOT; };
		8E9470E81E8177D20073161A /* RecordCell.swift */ = {isa = PBXFileReference; fileEncoding = 4; lastKnownFileType = sourcecode.swift; path = RecordCell.swift; sourceTree = "<group>"; };
		8EA33E721E57AB0800AF328F /* CountsListVC.swift */ = {isa = PBXFileReference; fileEncoding = 4; lastKnownFileType = sourcecode.swift; path = CountsListVC.swift; sourceTree = "<group>"; };
		8EDC74611E76E57D00243068 /* SessionRecord.swift */ = {isa = PBXFileReference; fileEncoding = 4; lastKnownFileType = sourcecode.swift; path = SessionRecord.swift; sourceTree = "<group>"; };
		8EF3A5351E89CA44003C2318 /* DataStore.swift */ = {isa = PBXFileReference; fileEncoding = 4; lastKnownFileType = sourcecode.swift; path = DataStore.swift; sourceTree = "<group>"; };
/* End PBXFileReference section */

/* Begin PBXFrameworksBuildPhase section */
		8E3E190A1E4989D000A0FD37 /* Frameworks */ = {
			isa = PBXFrameworksBuildPhase;
			buildActionMask = 2147483647;
			files = (
				8E5B4DE51E93382E00D7317A /* MessageUI.framework in Frameworks */,
				DCB429111CABBCB37EA6C6EF /* Pods_Counter.framework in Frameworks */,
			);
			runOnlyForDeploymentPostprocessing = 0;
		};
/* End PBXFrameworksBuildPhase section */

/* Begin PBXGroup section */
		11EA228DC1FD6AB3BEF7FF4D /* Frameworks */ = {
			isa = PBXGroup;
			children = (
				8E5B4DE41E93382E00D7317A /* MessageUI.framework */,
				104A81B765706CC480B5211D /* Pods_Counter.framework */,
			);
			name = Frameworks;
			sourceTree = "<group>";
		};
		8E3E19041E4989D000A0FD37 = {
			isa = PBXGroup;
			children = (
				8E3E190F1E4989D000A0FD37 /* Counter */,
				8E3E190E1E4989D000A0FD37 /* Products */,
				9369646F4172028ED3D89FBF /* Pods */,
				11EA228DC1FD6AB3BEF7FF4D /* Frameworks */,
			);
			sourceTree = "<group>";
		};
		8E3E190E1E4989D000A0FD37 /* Products */ = {
			isa = PBXGroup;
			children = (
				8E3E190D1E4989D000A0FD37 /* Counter.app */,
			);
			name = Products;
			sourceTree = "<group>";
		};
		8E3E190F1E4989D000A0FD37 /* Counter */ = {
			isa = PBXGroup;
			children = (
				8EA33E711E57AA9000AF328F /* Supporting Files */,
				8EA33E6F1E57AA8200AF328F /* View */,
				8EA33E701E57AA8800AF328F /* Controller */,
				8ED362771E5389B300EED57C /* Model */,
			);
			path = Counter;
			sourceTree = "<group>";
		};
		8EA33E6F1E57AA8200AF328F /* View */ = {
			isa = PBXGroup;
			children = (
				8E3E191C1E4989D100A0FD37 /* LaunchScreen.storyboard */,
				8E3E19141E4989D000A0FD37 /* Main.storyboard */,
				8E9470E81E8177D20073161A /* RecordCell.swift */,
			);
			name = View;
			sourceTree = "<group>";
		};
		8EA33E701E57AA8800AF328F /* Controller */ = {
			isa = PBXGroup;
			children = (
				8E3E19121E4989D000A0FD37 /* ViewController.swift */,
				8EA33E721E57AB0800AF328F /* CountsListVC.swift */,
			);
			name = Controller;
			sourceTree = "<group>";
		};
		8EA33E711E57AA9000AF328F /* Supporting Files */ = {
			isa = PBXGroup;
			children = (
				8E3E19171E4989D000A0FD37 /* Counter.xcdatamodeld */,
				8E3E191F1E4989D100A0FD37 /* Info.plist */,
				8E3E19101E4989D000A0FD37 /* AppDelegate.swift */,
				8E3E191A1E4989D100A0FD37 /* Assets.xcassets */,
			);
			name = "Supporting Files";
			sourceTree = "<group>";
		};
		8ED362771E5389B300EED57C /* Model */ = {
			isa = PBXGroup;
			children = (
				8EDC74611E76E57D00243068 /* SessionRecord.swift */,
				8EF3A5351E89CA44003C2318 /* DataStore.swift */,
			);
			name = Model;
			sourceTree = "<group>";
		};
		9369646F4172028ED3D89FBF /* Pods */ = {
			isa = PBXGroup;
			children = (
				7431EC232676E4B0A1BA312B /* Pods-Counter.debug.xcconfig */,
				6C8D2499E1CEFE94A8D78CAC /* Pods-Counter.release.xcconfig */,
			);
			name = Pods;
			sourceTree = "<group>";
		};
/* End PBXGroup section */

/* Begin PBXNativeTarget section */
		8E3E190C1E4989D000A0FD37 /* Counter */ = {
			isa = PBXNativeTarget;
			buildConfigurationList = 8E3E19221E4989D100A0FD37 /* Build configuration list for PBXNativeTarget "Counter" */;
			buildPhases = (
				D5594A280F0255D906D7DF81 /* [CP] Check Pods Manifest.lock */,
				8E3E19091E4989D000A0FD37 /* Sources */,
				8E3E190A1E4989D000A0FD37 /* Frameworks */,
				8E3E190B1E4989D000A0FD37 /* Resources */,
				60426B3C3990FB70BA2B631D /* [CP] Embed Pods Frameworks */,
				5B57AE1EF75DB42995D1E691 /* [CP] Copy Pods Resources */,
			);
			buildRules = (
			);
			dependencies = (
			);
			name = Counter;
			productName = Counter;
			productReference = 8E3E190D1E4989D000A0FD37 /* Counter.app */;
			productType = "com.apple.product-type.application";
		};
/* End PBXNativeTarget section */

/* Begin PBXProject section */
		8E3E19051E4989D000A0FD37 /* Project object */ = {
			isa = PBXProject;
			attributes = {
				LastSwiftUpdateCheck = 0820;
				LastUpgradeCheck = 0820;
				ORGANIZATIONNAME = "Cale Riggs";
				TargetAttributes = {
					8E3E190C1E4989D000A0FD37 = {
						CreatedOnToolsVersion = 8.2.1;
						DevelopmentTeam = HY6B4KDB2T;
						ProvisioningStyle = Automatic;
					};
				};
			};
			buildConfigurationList = 8E3E19081E4989D000A0FD37 /* Build configuration list for PBXProject "Counter" */;
			compatibilityVersion = "Xcode 3.2";
			developmentRegion = English;
			hasScannedForEncodings = 0;
			knownRegions = (
				en,
				Base,
			);
			mainGroup = 8E3E19041E4989D000A0FD37;
			productRefGroup = 8E3E190E1E4989D000A0FD37 /* Products */;
			projectDirPath = "";
			projectRoot = "";
			targets = (
				8E3E190C1E4989D000A0FD37 /* Counter */,
			);
		};
/* End PBXProject section */

/* Begin PBXResourcesBuildPhase section */
		8E3E190B1E4989D000A0FD37 /* Resources */ = {
			isa = PBXResourcesBuildPhase;
			buildActionMask = 2147483647;
			files = (
				8E3E191E1E4989D100A0FD37 /* LaunchScreen.storyboard in Resources */,
				8E3E191B1E4989D100A0FD37 /* Assets.xcassets in Resources */,
				8E3E19161E4989D000A0FD37 /* Main.storyboard in Resources */,
			);
			runOnlyForDeploymentPostprocessing = 0;
		};
/* End PBXResourcesBuildPhase section */

/* Begin PBXShellScriptBuildPhase section */
		5B57AE1EF75DB42995D1E691 /* [CP] Copy Pods Resources */ = {
			isa = PBXShellScriptBuildPhase;
			buildActionMask = 2147483647;
			files = (
			);
			inputPaths = (
			);
			name = "[CP] Copy Pods Resources";
			outputPaths = (
			);
			runOnlyForDeploymentPostprocessing = 0;
			shellPath = /bin/sh;
			shellScript = "\"${SRCROOT}/Pods/Target Support Files/Pods-Counter/Pods-Counter-resources.sh\"\n";
			showEnvVarsInLog = 0;
		};
		60426B3C3990FB70BA2B631D /* [CP] Embed Pods Frameworks */ = {
			isa = PBXShellScriptBuildPhase;
			buildActionMask = 2147483647;
			files = (
			);
			inputPaths = (
			);
			name = "[CP] Embed Pods Frameworks";
			outputPaths = (
			);
			runOnlyForDeploymentPostprocessing = 0;
			shellPath = /bin/sh;
			shellScript = "\"${SRCROOT}/Pods/Target Support Files/Pods-Counter/Pods-Counter-frameworks.sh\"\n";
			showEnvVarsInLog = 0;
		};
		D5594A280F0255D906D7DF81 /* [CP] Check Pods Manifest.lock */ = {
			isa = PBXShellScriptBuildPhase;
			buildActionMask = 2147483647;
			files = (
			);
			inputPaths = (
			);
			name = "[CP] Check Pods Manifest.lock";
			outputPaths = (
			);
			runOnlyForDeploymentPostprocessing = 0;
			shellPath = /bin/sh;
			shellScript = "diff \"${PODS_ROOT}/../Podfile.lock\" \"${PODS_ROOT}/Manifest.lock\" > /dev/null\nif [ $? != 0 ] ; then\n    # print error to STDERR\n    echo \"error: The sandbox is not in sync with the Podfile.lock. Run 'pod install' or update your CocoaPods installation.\" >&2\n    exit 1\nfi\n";
			showEnvVarsInLog = 0;
		};
/* End PBXShellScriptBuildPhase section */

/* Begin PBXSourcesBuildPhase section */
		8E3E19091E4989D000A0FD37 /* Sources */ = {
			isa = PBXSourcesBuildPhase;
			buildActionMask = 2147483647;
			files = (
				8EF3A5361E89CA44003C2318 /* DataStore.swift in Sources */,
				8E3E19131E4989D000A0FD37 /* ViewController.swift in Sources */,
				8E3E19111E4989D000A0FD37 /* AppDelegate.swift in Sources */,
				8E34322E1E84557C004DB74B /* RecordCell.swift in Sources */,
				8EA33E731E57AB0800AF328F /* CountsListVC.swift in Sources */,
				8E3E19191E4989D100A0FD37 /* Counter.xcdatamodeld in Sources */,
				8EDC74621E76E57D00243068 /* SessionRecord.swift in Sources */,
			);
			runOnlyForDeploymentPostprocessing = 0;
		};
/* End PBXSourcesBuildPhase section */

/* Begin PBXVariantGroup section */
		8E3E19141E4989D000A0FD37 /* Main.storyboard */ = {
			isa = PBXVariantGroup;
			children = (
				8E3E19151E4989D000A0FD37 /* Base */,
			);
			name = Main.storyboard;
			sourceTree = "<group>";
		};
		8E3E191C1E4989D100A0FD37 /* LaunchScreen.storyboard */ = {
			isa = PBXVariantGroup;
			children = (
				8E3E191D1E4989D100A0FD37 /* Base */,
			);
			name = LaunchScreen.storyboard;
			sourceTree = "<group>";
		};
/* End PBXVariantGroup section */

/* Begin XCBuildConfiguration section */
		8E3E19201E4989D100A0FD37 /* Debug */ = {
			isa = XCBuildConfiguration;
			buildSettings = {
				ALWAYS_SEARCH_USER_PATHS = NO;
				CLANG_ANALYZER_NONNULL = YES;
				CLANG_CXX_LANGUAGE_STANDARD = "gnu++0x";
				CLANG_CXX_LIBRARY = "libc++";
				CLANG_ENABLE_MODULES = YES;
				CLANG_ENABLE_OBJC_ARC = YES;
				CLANG_WARN_BOOL_CONVERSION = YES;
				CLANG_WARN_CONSTANT_CONVERSION = YES;
				CLANG_WARN_DIRECT_OBJC_ISA_USAGE = YES_ERROR;
				CLANG_WARN_DOCUMENTATION_COMMENTS = YES;
				CLANG_WARN_EMPTY_BODY = YES;
				CLANG_WARN_ENUM_CONVERSION = YES;
				CLANG_WARN_INFINITE_RECURSION = YES;
				CLANG_WARN_INT_CONVERSION = YES;
				CLANG_WARN_OBJC_ROOT_CLASS = YES_ERROR;
				CLANG_WARN_SUSPICIOUS_MOVE = YES;
				CLANG_WARN_UNREACHABLE_CODE = YES;
				CLANG_WARN__DUPLICATE_METHOD_MATCH = YES;
				"CODE_SIGN_IDENTITY[sdk=iphoneos*]" = "iPhone Developer";
				COPY_PHASE_STRIP = NO;
				DEBUG_INFORMATION_FORMAT = dwarf;
				ENABLE_STRICT_OBJC_MSGSEND = YES;
				ENABLE_TESTABILITY = YES;
				GCC_C_LANGUAGE_STANDARD = gnu99;
				GCC_DYNAMIC_NO_PIC = NO;
				GCC_NO_COMMON_BLOCKS = YES;
				GCC_OPTIMIZATION_LEVEL = 0;
				GCC_PREPROCESSOR_DEFINITIONS = (
					"DEBUG=1",
					"$(inherited)",
				);
				GCC_WARN_64_TO_32_BIT_CONVERSION = YES;
				GCC_WARN_ABOUT_RETURN_TYPE = YES_ERROR;
				GCC_WARN_UNDECLARED_SELECTOR = YES;
				GCC_WARN_UNINITIALIZED_AUTOS = YES_AGGRESSIVE;
				GCC_WARN_UNUSED_FUNCTION = YES;
				GCC_WARN_UNUSED_VARIABLE = YES;
				IPHONEOS_DEPLOYMENT_TARGET = 10.2;
				MTL_ENABLE_DEBUG_INFO = YES;
				ONLY_ACTIVE_ARCH = YES;
				SDKROOT = iphoneos;
				SWIFT_ACTIVE_COMPILATION_CONDITIONS = DEBUG;
				SWIFT_OPTIMIZATION_LEVEL = "-Onone";
				TARGETED_DEVICE_FAMILY = "1,2";
			};
			name = Debug;
		};
		8E3E19211E4989D100A0FD37 /* Release */ = {
			isa = XCBuildConfiguration;
			buildSettings = {
				ALWAYS_SEARCH_USER_PATHS = NO;
				CLANG_ANALYZER_NONNULL = YES;
				CLANG_CXX_LANGUAGE_STANDARD = "gnu++0x";
				CLANG_CXX_LIBRARY = "libc++";
				CLANG_ENABLE_MODULES = YES;
				CLANG_ENABLE_OBJC_ARC = YES;
				CLANG_WARN_BOOL_CONVERSION = YES;
				CLANG_WARN_CONSTANT_CONVERSION = YES;
				CLANG_WARN_DIRECT_OBJC_ISA_USAGE = YES_ERROR;
				CLANG_WARN_DOCUMENTATION_COMMENTS = YES;
				CLANG_WARN_EMPTY_BODY = YES;
				CLANG_WARN_ENUM_CONVERSION = YES;
				CLANG_WARN_INFINITE_RECURSION = YES;
				CLANG_WARN_INT_CONVERSION = YES;
				CLANG_WARN_OBJC_ROOT_CLASS = YES_ERROR;
				CLANG_WARN_SUSPICIOUS_MOVE = YES;
				CLANG_WARN_UNREACHABLE_CODE = YES;
				CLANG_WARN__DUPLICATE_METHOD_MATCH = YES;
				"CODE_SIGN_IDENTITY[sdk=iphoneos*]" = "iPhone Developer";
				COPY_PHASE_STRIP = NO;
				DEBUG_INFORMATION_FORMAT = "dwarf-with-dsym";
				ENABLE_NS_ASSERTIONS = NO;
				ENABLE_STRICT_OBJC_MSGSEND = YES;
				GCC_C_LANGUAGE_STANDARD = gnu99;
				GCC_NO_COMMON_BLOCKS = YES;
				GCC_WARN_64_TO_32_BIT_CONVERSION = YES;
				GCC_WARN_ABOUT_RETURN_TYPE = YES_ERROR;
				GCC_WARN_UNDECLARED_SELECTOR = YES;
				GCC_WARN_UNINITIALIZED_AUTOS = YES_AGGRESSIVE;
				GCC_WARN_UNUSED_FUNCTION = YES;
				GCC_WARN_UNUSED_VARIABLE = YES;
				IPHONEOS_DEPLOYMENT_TARGET = 10.2;
				MTL_ENABLE_DEBUG_INFO = NO;
				SDKROOT = iphoneos;
				SWIFT_OPTIMIZATION_LEVEL = "-Owholemodule";
				TARGETED_DEVICE_FAMILY = "1,2";
				VALIDATE_PRODUCT = YES;
			};
			name = Release;
		};
		8E3E19231E4989D100A0FD37 /* Debug */ = {
			isa = XCBuildConfiguration;
			baseConfigurationReference = 7431EC232676E4B0A1BA312B /* Pods-Counter.debug.xcconfig */;
			buildSettings = {
				ASSETCATALOG_COMPILER_APPICON_NAME = AppIcon;
				DEVELOPMENT_TEAM = HY6B4KDB2T;
				INFOPLIST_FILE = Counter/Info.plist;
				LD_RUNPATH_SEARCH_PATHS = "$(inherited) @executable_path/Frameworks";
				PRODUCT_BUNDLE_IDENTIFIER = com.caleriggs.counter;
				PRODUCT_NAME = "$(TARGET_NAME)";
				SWIFT_VERSION = 3.0;
				TARGETED_DEVICE_FAMILY = 1;
			};
			name = Debug;
		};
		8E3E19241E4989D100A0FD37 /* Release */ = {
			isa = XCBuildConfiguration;
			baseConfigurationReference = 6C8D2499E1CEFE94A8D78CAC /* Pods-Counter.release.xcconfig */;
			buildSettings = {
				ASSETCATALOG_COMPILER_APPICON_NAME = AppIcon;
				CODE_SIGN_IDENTITY = "iPhone Developer";
				"CODE_SIGN_IDENTITY[sdk=iphoneos*]" = "iPhone Developer";
				DEVELOPMENT_TEAM = HY6B4KDB2T;
				INFOPLIST_FILE = Counter/Info.plist;
				LD_RUNPATH_SEARCH_PATHS = "$(inherited) @executable_path/Frameworks";
				PRODUCT_BUNDLE_IDENTIFIER = com.caleriggs.counter;
				PRODUCT_NAME = "$(TARGET_NAME)";
				SWIFT_VERSION = 3.0;
				TARGETED_DEVICE_FAMILY = 1;
			};
			name = Release;
		};
/* End XCBuildConfiguration section */

/* Begin XCConfigurationList section */
		8E3E19081E4989D000A0FD37 /* Build configuration list for PBXProject "Counter" */ = {
			isa = XCConfigurationList;
			buildConfigurations = (
				8E3E19201E4989D100A0FD37 /* Debug */,
				8E3E19211E4989D100A0FD37 /* Release */,
			);
			defaultConfigurationIsVisible = 0;
			defaultConfigurationName = Release;
		};
		8E3E19221E4989D100A0FD37 /* Build configuration list for PBXNativeTarget "Counter" */ = {
			isa = XCConfigurationList;
			buildConfigurations = (
				8E3E19231E4989D100A0FD37 /* Debug */,
				8E3E19241E4989D100A0FD37 /* Release */,
			);
			defaultConfigurationIsVisible = 0;
			defaultConfigurationName = Release;
		};
/* End XCConfigurationList section */

/* Begin XCVersionGroup section */
		8E3E19171E4989D000A0FD37 /* Counter.xcdatamodeld */ = {
			isa = XCVersionGroup;
			children = (
				8E3E19181E4989D000A0FD37 /* Counter.xcdatamodel */,
			);
			currentVersion = 8E3E19181E4989D000A0FD37 /* Counter.xcdatamodel */;
			path = Counter.xcdatamodeld;
			sourceTree = "<group>";
			versionGroupType = wrapper.xcdatamodel;
		};
/* End XCVersionGroup section */
	};
	rootObject = 8E3E19051E4989D000A0FD37 /* Project object */;
}
